
Microsoft Visual Studio Solution File, Format Version 12.00
# Visual Studio Version 17
VisualStudioVersion = 17.3.32901.215
MinimumVisualStudioVersion = 10.0.40219.1
Project("{FAE04EC0-301F-11D3-BF4B-00C04F79EFBC}") = "csLox", "csLox\csLox.csproj", "{1A8D34C0-644F-4BD0-9058-FDF879BF2EE0}"
EndProject
Global
	GlobalSection(SolutionConfigurationPlatforms) = preSolution
		Debug|Any CPU = Debug|Any CPU
		Release|Any CPU = Release|Any CPU
	EndGlobalSection
	GlobalSection(ProjectConfigurationPlatforms) = postSolution
		{1A8D34C0-644F-4BD0-9058-FDF879BF2EE0}.Debug|Any CPU.ActiveCfg = Debug|Any CPU
		{1A8D34C0-644F-4BD0-9058-FDF879BF2EE0}.Debug|Any CPU.Build.0 = Debug|Any CPU
		{1A8D34C0-644F-4BD0-9058-FDF879BF2EE0}.Release|Any CPU.ActiveCfg = Release|Any CPU
		{1A8D34C0-644F-4BD0-9058-FDF879BF2EE0}.Release|Any CPU.Build.0 = Release|Any CPU
	EndGlobalSection
	GlobalSection(SolutionProperties) = preSolution
		HideSolutionNode = FALSE
	EndGlobalSection
	GlobalSection(ExtensibilityGlobals) = postSolution
		SolutionGuid = {3C9A9186-6CF3-4632-B6AF-A6D8B755503D}
	EndGlobalSection
EndGlobal
